
Microsoft Visual Studio Solution File, Format Version 12.00
# Visual Studio Version 16
VisualStudioVersion = 16.0.30011.22
MinimumVisualStudioVersion = 10.0.40219.1
Project("{FAE04EC0-301F-11D3-BF4B-00C04F79EFBC}") = "Pagination", "Pagination\Pagination.csproj", "{4387C019-34C7-4208-B458-C60947684364}"
EndProject
Global
	GlobalSection(SolutionConfigurationPlatforms) = preSolution
		Debug|Any CPU = Debug|Any CPU
		Release|Any CPU = Release|Any CPU
	EndGlobalSection
	GlobalSection(ProjectConfigurationPlatforms) = postSolution
		{4387C019-34C7-4208-B458-C60947684364}.Debug|Any CPU.ActiveCfg = Debug|Any CPU
		{4387C019-34C7-4208-B458-C60947684364}.Debug|Any CPU.Build.0 = Debug|Any CPU
		{4387C019-34C7-4208-B458-C60947684364}.Release|Any CPU.ActiveCfg = Release|Any CPU
		{4387C019-34C7-4208-B458-C60947684364}.Release|Any CPU.Build.0 = Release|Any CPU
	EndGlobalSection
	GlobalSection(SolutionProperties) = preSolution
		HideSolutionNode = FALSE
	EndGlobalSection
	GlobalSection(ExtensibilityGlobals) = postSolution
		SolutionGuid = {B00545F2-E9CC-44B1-83CD-9C8146A8E52C}
	EndGlobalSection
EndGlobal
